
Microsoft Visual Studio Solution File, Format Version 12.00
# Visual Studio Version 17
VisualStudioVersion = 17.9.34607.119
MinimumVisualStudioVersion = 10.0.40219.1
Project("{FAE04EC0-301F-11D3-BF4B-00C04F79EFBC}") = "PostmanCloneLibrary", "PostmanCloneLibrary\PostmanCloneLibrary.csproj", "{C863D78E-CDA8-4DAB-A5C7-1C7FA9F1902A}"
EndProject
Project("{FAE04EC0-301F-11D3-BF4B-00C04F79EFBC}") = "PostmanCloneUI", "PostmanCloneUI\PostmanCloneUI.csproj", "{F7A69C37-18E1-4178-908F-66B0CDECB6E7}"
EndProject
Global
	GlobalSection(SolutionConfigurationPlatforms) = preSolution
		Debug|Any CPU = Debug|Any CPU
		Release|Any CPU = Release|Any CPU
	EndGlobalSection
	GlobalSection(ProjectConfigurationPlatforms) = postSolution
		{C863D78E-CDA8-4DAB-A5C7-1C7FA9F1902A}.Debug|Any CPU.ActiveCfg = Debug|Any CPU
		{C863D78E-CDA8-4DAB-A5C7-1C7FA9F1902A}.Debug|Any CPU.Build.0 = Debug|Any CPU
		{C863D78E-CDA8-4DAB-A5C7-1C7FA9F1902A}.Release|Any CPU.ActiveCfg = Release|Any CPU
		{C863D78E-CDA8-4DAB-A5C7-1C7FA9F1902A}.Release|Any CPU.Build.0 = Release|Any CPU
		{F7A69C37-18E1-4178-908F-66B0CDECB6E7}.Debug|Any CPU.ActiveCfg = Debug|Any CPU
		{F7A69C37-18E1-4178-908F-66B0CDECB6E7}.Debug|Any CPU.Build.0 = Debug|Any CPU
		{F7A69C37-18E1-4178-908F-66B0CDECB6E7}.Release|Any CPU.ActiveCfg = Release|Any CPU
		{F7A69C37-18E1-4178-908F-66B0CDECB6E7}.Release|Any CPU.Build.0 = Release|Any CPU
	EndGlobalSection
	GlobalSection(SolutionProperties) = preSolution
		HideSolutionNode = FALSE
	EndGlobalSection
	GlobalSection(ExtensibilityGlobals) = postSolution
		SolutionGuid = {1CF04A66-562C-4E84-BBD6-E492CED7497A}
	EndGlobalSection
EndGlobal
